// This lockfile was autogenerated by Pants. To regenerate, run:
//
//    pants generate-lockfiles --resolve=python-custom
//
// --- BEGIN PANTS LOCKFILE METADATA: DO NOT EDIT OR REMOVE ---
// {
//   "version": 3,
//   "valid_for_interpreter_constraints": [
//     "CPython<3.11,>=3.10"
//   ],
//   "generated_with_requirements": [
//     "numpy",
//     "pandas",
//     "requests",
//     "requests_mock",
//     "urllib3"
//   ],
//   "manylinux": "manylinux2014",
//   "requirement_constraints": [],
//   "only_binary": [],
//   "no_binary": []
// }
// --- END PANTS LOCKFILE METADATA ---

{
  "allow_builds": true,
  "allow_prereleases": false,
  "allow_wheels": true,
  "build_isolation": true,
  "constraints": [],
  "locked_resolves": [
    {
      "locked_requirements": [
        {
          "artifacts": [
            {
              "algorithm": "sha256",
              "hash": "922820b53db7a7257ffbda3f597266d435245903d80737e34f8a45ff3e3230d8",
              "url": "https://files.pythonhosted.org/packages/12/90/3c9ff0512038035f59d279fddeb79f5f1eccd8859f06d6163c58798b9487/certifi-2024.8.30-py3-none-any.whl"
            },
            {
              "algorithm": "sha256",
              "hash": "bec941d2aa8195e248a60b31ff9f0558284cf01a52591ceda73ea9afffd69fd9",
              "url": "https://files.pythonhosted.org/packages/b0/ee/9b19140fe824b367c04c5e1b369942dd754c4c5462d5674002f75c4dedc1/certifi-2024.8.30.tar.gz"
            }
          ],
          "project_name": "certifi",
          "requires_dists": [],
          "requires_python": ">=3.6",
          "version": "2024.8.30"
        },
        {
          "artifacts": [
            {
              "algorithm": "sha256",
              "hash": "3e4d1f6587322d2788836a99c69062fbb091331ec940e02d12d179c1d53e25fc",
              "url": "https://files.pythonhosted.org/packages/28/76/e6222113b83e3622caa4bb41032d0b1bf785250607392e1b778aca0b8a7d/charset_normalizer-3.3.2-py3-none-any.whl"
            },
            {
              "algorithm": "sha256",
              "hash": "1d3193f4a680c64b4b6a9115943538edb896edc190f0b222e73761716519268e",
              "url": "https://files.pythonhosted.org/packages/05/8c/eb854996d5fef5e4f33ad56927ad053d04dc820e4a3d39023f35cad72617/charset_normalizer-3.3.2-cp310-cp310-manylinux_2_17_ppc64le.manylinux2014_ppc64le.whl"
            },
            {
              "algorithm": "sha256",
              "hash": "25baf083bf6f6b341f4121c2f3c548875ee6f5339300e08be3f2b2ba1721cdd3",
              "url": "https://files.pythonhosted.org/packages/2b/61/095a0aa1a84d1481998b534177c8566fdc50bb1233ea9a0478cd3cc075bd/charset_normalizer-3.3.2-cp310-cp310-macosx_10_9_universal2.whl"
            },
            {
              "algorithm": "sha256",
              "hash": "beb58fe5cdb101e3a055192ac291b7a21e3b7ef4f67fa1d74e331a7f2124341c",
              "url": "https://files.pythonhosted.org/packages/33/c3/3b96a435c5109dd5b6adc8a59ba1d678b302a97938f032e3770cc84cd354/charset_normalizer-3.3.2-cp310-cp310-musllinux_1_1_aarch64.whl"
            },
            {
              "algorithm": "sha256",
              "hash": "a9a8e9031d613fd2009c182b69c7b2c1ef8239a0efb1df3f7c8da66d5dd3d537",
              "url": "https://files.pythonhosted.org/packages/3f/ba/3f5e7be00b215fa10e13d64b1f6237eb6ebea66676a41b2bcdd09fe74323/charset_normalizer-3.3.2-cp310-cp310-manylinux_2_5_i686.manylinux1_i686.manylinux_2_17_i686.manylinux2014_i686.whl"
            },
            {
              "algorithm": "sha256",
              "hash": "e06ed3eb3218bc64786f7db41917d4e686cc4856944f53d5bdf83a6884432e12",
              "url": "https://files.pythonhosted.org/packages/43/05/3bf613e719efe68fb3a77f9c536a389f35b95d75424b96b426a47a45ef1d/charset_normalizer-3.3.2-cp310-cp310-musllinux_1_1_i686.whl"
            },
            {
              "algorithm": "sha256",
              "hash": "9063e24fdb1e498ab71cb7419e24622516c4a04476b17a2dab57e8baa30d6e03",
              "url": "https://files.pythonhosted.org/packages/46/6a/d5c26c41c49b546860cc1acabdddf48b0b3fb2685f4f5617ac59261b44ae/charset_normalizer-3.3.2-cp310-cp310-macosx_11_0_arm64.whl"
            },
            {
              "algorithm": "sha256",
              "hash": "2e81c7b9c8979ce92ed306c249d46894776a909505d8f5a4ba55b14206e3222f",
              "url": "https://files.pythonhosted.org/packages/58/78/a0bc646900994df12e07b4ae5c713f2b3e5998f58b9d3720cce2aa45652f/charset_normalizer-3.3.2-cp310-cp310-musllinux_1_1_ppc64le.whl"
            },
            {
              "algorithm": "sha256",
              "hash": "f30c3cb33b24454a82faecaf01b19c18562b1e89558fb6c56de4d9118a032fd5",
              "url": "https://files.pythonhosted.org/packages/63/09/c1bc53dab74b1816a00d8d030de5bf98f724c52c1635e07681d312f20be8/charset-normalizer-3.3.2.tar.gz"
            },
            {
              "algorithm": "sha256",
              "hash": "fd1abc0d89e30cc4e02e4064dc67fcc51bd941eb395c502aac3ec19fab46b519",
              "url": "https://files.pythonhosted.org/packages/a8/31/47d018ef89f95b8aded95c589a77c072c55e94b50a41aa99c0a2008a45a4/charset_normalizer-3.3.2-cp310-cp310-musllinux_1_1_x86_64.whl"
            },
            {
              "algorithm": "sha256",
              "hash": "6897af51655e3691ff853668779c7bad41579facacf5fd7253b0133308cf000d",
              "url": "https://files.pythonhosted.org/packages/b8/60/e2f67915a51be59d4539ed189eb0a2b0d292bf79270410746becb32bc2c3/charset_normalizer-3.3.2-cp310-cp310-manylinux_2_17_aarch64.manylinux2014_aarch64.whl"
            },
            {
              "algorithm": "sha256",
              "hash": "06435b539f889b1f6f4ac1758871aae42dc3a8c0e24ac9e60c2384973ad73027",
              "url": "https://files.pythonhosted.org/packages/cc/94/f7cf5e5134175de79ad2059edf2adce18e0685ebdb9227ff0139975d0e93/charset_normalizer-3.3.2-cp310-cp310-macosx_10_9_x86_64.whl"
            },
            {
              "algorithm": "sha256",
              "hash": "8465322196c8b4d7ab6d1e049e4c5cb460d0394da4a27d23cc242fbf0034b6b5",
              "url": "https://files.pythonhosted.org/packages/da/f1/3702ba2a7470666a62fd81c58a4c40be00670e5006a67f4d626e57f013ae/charset_normalizer-3.3.2-cp310-cp310-manylinux_2_17_x86_64.manylinux2014_x86_64.whl"
            },
            {
              "algorithm": "sha256",
              "hash": "572c3763a264ba47b3cf708a44ce965d98555f618ca42c926a9c1616d8f34269",
              "url": "https://files.pythonhosted.org/packages/eb/5c/97d97248af4920bc68687d9c3b3c0f47c910e21a8ff80af4565a576bd2f0/charset_normalizer-3.3.2-cp310-cp310-musllinux_1_1_s390x.whl"
            },
            {
              "algorithm": "sha256",
              "hash": "cd70574b12bb8a4d2aaa0094515df2463cb429d8536cfb6c7ce983246983e5a6",
              "url": "https://files.pythonhosted.org/packages/f6/93/bb6cbeec3bf9da9b2eba458c15966658d1daa8b982c642f81c93ad9b40e1/charset_normalizer-3.3.2-cp310-cp310-manylinux_2_17_s390x.manylinux2014_s390x.whl"
            }
          ],
          "project_name": "charset-normalizer",
          "requires_dists": [],
          "requires_python": ">=3.7.0",
          "version": "3.3.2"
        },
        {
          "artifacts": [
            {
              "algorithm": "sha256",
              "hash": "946d195a0d259cbba61165e88e65941f16e9b36ea6ddb97f00452bae8b1287d3",
              "url": "https://files.pythonhosted.org/packages/76/c6/c88e154df9c4e1a2a66ccf0005a88dfb2650c1dffb6f5ce603dfbd452ce3/idna-3.10-py3-none-any.whl"
            },
            {
              "algorithm": "sha256",
              "hash": "12f65c9b470abda6dc35cf8e63cc574b1c52b11df2c86030af0ac09b01b13ea9",
              "url": "https://files.pythonhosted.org/packages/f1/70/7703c29685631f5a7590aa73f1f1d3fa9a380e654b86af429e0934a32f7d/idna-3.10.tar.gz"
            }
          ],
          "project_name": "idna",
          "requires_dists": [
            "flake8>=7.1.1; extra == \"all\"",
            "mypy>=1.11.2; extra == \"all\"",
            "pytest>=8.3.2; extra == \"all\"",
            "ruff>=0.6.2; extra == \"all\""
          ],
          "requires_python": ">=3.6",
          "version": "3.10"
        },
        {
          "artifacts": [
            {
              "algorithm": "sha256",
              "hash": "50a95ca3560a6058d6ea91d4629a83a897ee27c00630aed9d933dff191f170cd",
              "url": "https://files.pythonhosted.org/packages/eb/9a/59a548ad57df8c432bfac4556504a9fae5c082ffea53d108fcf7ce2956e4/numpy-2.1.1-pp310-pypy310_pp73-manylinux_2_17_x86_64.manylinux2014_x86_64.whl"
            },
            {
              "algorithm": "sha256",
              "hash": "52ac2e48f5ad847cd43c4755520a2317f3380213493b9d8a4c5e37f3b87df504",
              "url": "https://files.pythonhosted.org/packages/40/b5/78d8b5481aeef6d2aad3724c6aa5398045d2657038dfe54c055cae1fcf75/numpy-2.1.1-pp310-pypy310_pp73-macosx_14_0_x86_64.whl"
            },
            {
              "algorithm": "sha256",
              "hash": "caf5d284ddea7462c32b8d4a6b8af030b6c9fd5332afb70e7414d7fdded4bfd0",
              "url": "https://files.pythonhosted.org/packages/4a/0c/fdba41b2ddeb7a052f84d85fb17d5e168af0e8034b3a2d6e369b7cc2966f/numpy-2.1.1-cp310-cp310-musllinux_1_1_x86_64.whl"
            },
            {
              "algorithm": "sha256",
              "hash": "d0cf7d55b1051387807405b3898efafa862997b4cba8aa5dbe657be794afeafd",
              "url": "https://files.pythonhosted.org/packages/59/5f/9003bb3e632f2b58f5e3a3378902dcc73c5518070736c6740fe52454e8e1/numpy-2.1.1.tar.gz"
            },
            {
              "algorithm": "sha256",
              "hash": "7dd86dfaf7c900c0bbdcb8b16e2f6ddf1eb1fe39c6c8cca6e94844ed3152a8fd",
              "url": "https://files.pythonhosted.org/packages/69/30/f41c9b6dab4e1ec56b40d1daa81ce9f9f8d26da6d02af18768a883676bd5/numpy-2.1.1-cp310-cp310-macosx_11_0_arm64.whl"
            },
            {
              "algorithm": "sha256",
              "hash": "913cc1d311060b1d409e609947fa1b9753701dac96e6581b58afc36b7ee35af6",
              "url": "https://files.pythonhosted.org/packages/7d/4b/a509d346fffede6120cc17610cc500819417ee9c3da7f08d9aaf15cab2a3/numpy-2.1.1-cp310-cp310-manylinux_2_17_x86_64.manylinux2014_x86_64.whl"
            },
            {
              "algorithm": "sha256",
              "hash": "59ca673ad11d4b84ceb385290ed0ebe60266e356641428c845b39cd9df6713ab",
              "url": "https://files.pythonhosted.org/packages/84/64/879bd6877488441cfaa578c96bdc4b43710d7e3ae4f8260fbd04821da395/numpy-2.1.1-cp310-cp310-macosx_14_0_x86_64.whl"
            },
            {
              "algorithm": "sha256",
              "hash": "7be6a07520b88214ea85d8ac8b7d6d8a1839b0b5cb87412ac9f49fa934eb15d5",
              "url": "https://files.pythonhosted.org/packages/94/9a/d6a5d138b53ccdc002fdf07f0d1a960326c510e66cbfff7180c88d37c482/numpy-2.1.1-pp310-pypy310_pp73-macosx_10_15_x86_64.whl"
            },
            {
              "algorithm": "sha256",
              "hash": "57eb525e7c2a8fdee02d731f647146ff54ea8c973364f3b850069ffb42799647",
              "url": "https://files.pythonhosted.org/packages/bf/8d/a8da065a46515efdbcf81a92535b816ea17194ce5b767df1f13815c32179/numpy-2.1.1-cp310-cp310-musllinux_1_2_aarch64.whl"
            },
            {
              "algorithm": "sha256",
              "hash": "13ce49a34c44b6de5241f0b38b07e44c1b2dcacd9e36c30f9c2fcb1bb5135db7",
              "url": "https://files.pythonhosted.org/packages/cd/c4/869f8db87f5c9df86b93ca42036f58911ff162dd091a41e617977ab50d1f/numpy-2.1.1-cp310-cp310-manylinux_2_17_aarch64.manylinux2014_aarch64.whl"
            },
            {
              "algorithm": "sha256",
              "hash": "c8a0e34993b510fc19b9a2ce7f31cb8e94ecf6e924a40c0c9dd4f62d0aac47d9",
              "url": "https://files.pythonhosted.org/packages/d5/37/e3de47233b3ba458b1021a6f95029198b2f68a83eb886a862640b6ec3e9a/numpy-2.1.1-cp310-cp310-macosx_10_9_x86_64.whl"
            },
            {
              "algorithm": "sha256",
              "hash": "5889dd24f03ca5a5b1e8a90a33b5a0846d8977565e4ae003a63d22ecddf6782f",
              "url": "https://files.pythonhosted.org/packages/e1/30/d2f71d3419ada3b3735e2ce9cea7dfe22c268ac9fbb24e0b5ac5fc222633/numpy-2.1.1-cp310-cp310-macosx_14_0_arm64.whl"
            }
          ],
          "project_name": "numpy",
          "requires_dists": [],
          "requires_python": ">=3.10",
          "version": "2.1.1"
        },
        {
          "artifacts": [
            {
              "algorithm": "sha256",
              "hash": "37e0aced3e8f539eccf2e099f65cdb9c8aa85109b0be6e93e2baff94264bdc6f",
              "url": "https://files.pythonhosted.org/packages/ce/0d/4cc7b69ce37fac07645a94e1d4b0880b15999494372c1523508511b09e40/pandas-2.2.3-cp310-cp310-musllinux_1_2_x86_64.whl"
            },
            {
              "algorithm": "sha256",
              "hash": "86976a1c5b25ae3f8ccae3a5306e443569ee3c3faf444dfd0f41cda24667ad57",
              "url": "https://files.pythonhosted.org/packages/44/50/7db2cd5e6373ae796f0ddad3675268c8d59fb6076e66f0c339d61cea886b/pandas-2.2.3-cp310-cp310-manylinux_2_17_x86_64.manylinux2014_x86_64.whl"
            },
            {
              "algorithm": "sha256",
              "hash": "b8661b0238a69d7aafe156b7fa86c44b881387509653fdf857bebc5e4008ad42",
              "url": "https://files.pythonhosted.org/packages/61/61/a89015a6d5536cb0d6c3ba02cebed51a95538cf83472975275e28ebf7d0c/pandas-2.2.3-cp310-cp310-musllinux_1_2_aarch64.whl"
            },
            {
              "algorithm": "sha256",
              "hash": "381175499d3802cde0eabbaf6324cce0c4f5d52ca6f8c377c29ad442f50f6348",
              "url": "https://files.pythonhosted.org/packages/99/f2/c4527768739ffa4469b2b4fff05aa3768a478aed89a2f271a79a40eee984/pandas-2.2.3-cp310-cp310-macosx_11_0_arm64.whl"
            },
            {
              "algorithm": "sha256",
              "hash": "4f18ba62b61d7e192368b84517265a99b4d7ee8912f8708660fb4a366cc82667",
              "url": "https://files.pythonhosted.org/packages/9c/d6/9f8431bacc2e19dca897724cd097b1bb224a6ad5433784a44b587c7c13af/pandas-2.2.3.tar.gz"
            },
            {
              "algorithm": "sha256",
              "hash": "1948ddde24197a0f7add2bdc4ca83bf2b1ef84a1bc8ccffd95eda17fd836ecb5",
              "url": "https://files.pythonhosted.org/packages/aa/70/c853aec59839bceed032d52010ff5f1b8d87dc3114b762e4ba2727661a3b/pandas-2.2.3-cp310-cp310-macosx_10_9_x86_64.whl"
            },
            {
              "algorithm": "sha256",
              "hash": "d9c45366def9a3dd85a6454c0e7908f2b3b8e9c138f5dc38fed7ce720d8453ed",
              "url": "https://files.pythonhosted.org/packages/ed/12/86c1747ea27989d7a4064f806ce2bae2c6d575b950be087837bdfcabacc9/pandas-2.2.3-cp310-cp310-manylinux2014_aarch64.manylinux_2_17_aarch64.whl"
            }
          ],
          "project_name": "pandas",
          "requires_dists": [
            "PyQt5>=5.15.9; extra == \"all\"",
            "PyQt5>=5.15.9; extra == \"clipboard\"",
            "SQLAlchemy>=2.0.0; extra == \"all\"",
            "SQLAlchemy>=2.0.0; extra == \"mysql\"",
            "SQLAlchemy>=2.0.0; extra == \"postgresql\"",
            "SQLAlchemy>=2.0.0; extra == \"sql-other\"",
            "adbc-driver-postgresql>=0.8.0; extra == \"all\"",
            "adbc-driver-postgresql>=0.8.0; extra == \"postgresql\"",
            "adbc-driver-postgresql>=0.8.0; extra == \"sql-other\"",
            "adbc-driver-sqlite>=0.8.0; extra == \"all\"",
            "adbc-driver-sqlite>=0.8.0; extra == \"sql-other\"",
            "beautifulsoup4>=4.11.2; extra == \"all\"",
            "beautifulsoup4>=4.11.2; extra == \"html\"",
            "bottleneck>=1.3.6; extra == \"all\"",
            "bottleneck>=1.3.6; extra == \"performance\"",
            "dataframe-api-compat>=0.1.7; extra == \"all\"",
            "dataframe-api-compat>=0.1.7; extra == \"consortium-standard\"",
            "fastparquet>=2022.12.0; extra == \"all\"",
            "fsspec>=2022.11.0; extra == \"all\"",
            "fsspec>=2022.11.0; extra == \"fss\"",
            "gcsfs>=2022.11.0; extra == \"all\"",
            "gcsfs>=2022.11.0; extra == \"gcp\"",
            "html5lib>=1.1; extra == \"all\"",
            "html5lib>=1.1; extra == \"html\"",
            "hypothesis>=6.46.1; extra == \"all\"",
            "hypothesis>=6.46.1; extra == \"test\"",
            "jinja2>=3.1.2; extra == \"all\"",
            "jinja2>=3.1.2; extra == \"output-formatting\"",
            "lxml>=4.9.2; extra == \"all\"",
            "lxml>=4.9.2; extra == \"html\"",
            "lxml>=4.9.2; extra == \"xml\"",
            "matplotlib>=3.6.3; extra == \"all\"",
            "matplotlib>=3.6.3; extra == \"plot\"",
            "numba>=0.56.4; extra == \"all\"",
            "numba>=0.56.4; extra == \"performance\"",
            "numexpr>=2.8.4; extra == \"all\"",
            "numexpr>=2.8.4; extra == \"performance\"",
            "numpy>=1.22.4; python_version < \"3.11\"",
            "numpy>=1.23.2; python_version == \"3.11\"",
            "numpy>=1.26.0; python_version >= \"3.12\"",
            "odfpy>=1.4.1; extra == \"all\"",
            "odfpy>=1.4.1; extra == \"excel\"",
            "openpyxl>=3.1.0; extra == \"all\"",
            "openpyxl>=3.1.0; extra == \"excel\"",
            "pandas-gbq>=0.19.0; extra == \"all\"",
            "pandas-gbq>=0.19.0; extra == \"gcp\"",
            "psycopg2>=2.9.6; extra == \"all\"",
            "psycopg2>=2.9.6; extra == \"postgresql\"",
            "pyarrow>=10.0.1; extra == \"all\"",
            "pyarrow>=10.0.1; extra == \"feather\"",
            "pyarrow>=10.0.1; extra == \"parquet\"",
            "pyarrow>=10.0.1; extra == \"pyarrow\"",
            "pymysql>=1.0.2; extra == \"all\"",
            "pymysql>=1.0.2; extra == \"mysql\"",
            "pyreadstat>=1.2.0; extra == \"all\"",
            "pyreadstat>=1.2.0; extra == \"spss\"",
            "pytest-xdist>=2.2.0; extra == \"all\"",
            "pytest-xdist>=2.2.0; extra == \"test\"",
            "pytest>=7.3.2; extra == \"all\"",
            "pytest>=7.3.2; extra == \"test\"",
            "python-calamine>=0.1.7; extra == \"all\"",
            "python-calamine>=0.1.7; extra == \"excel\"",
            "python-dateutil>=2.8.2",
            "pytz>=2020.1",
            "pyxlsb>=1.0.10; extra == \"all\"",
            "pyxlsb>=1.0.10; extra == \"excel\"",
            "qtpy>=2.3.0; extra == \"all\"",
            "qtpy>=2.3.0; extra == \"clipboard\"",
            "s3fs>=2022.11.0; extra == \"all\"",
            "s3fs>=2022.11.0; extra == \"aws\"",
            "scipy>=1.10.0; extra == \"all\"",
            "scipy>=1.10.0; extra == \"computation\"",
            "tables>=3.8.0; extra == \"all\"",
            "tables>=3.8.0; extra == \"hdf5\"",
            "tabulate>=0.9.0; extra == \"all\"",
            "tabulate>=0.9.0; extra == \"output-formatting\"",
            "tzdata>=2022.7",
            "xarray>=2022.12.0; extra == \"all\"",
            "xarray>=2022.12.0; extra == \"computation\"",
            "xlrd>=2.0.1; extra == \"all\"",
            "xlrd>=2.0.1; extra == \"excel\"",
            "xlsxwriter>=3.0.5; extra == \"all\"",
            "xlsxwriter>=3.0.5; extra == \"excel\"",
            "zstandard>=0.19.0; extra == \"all\"",
            "zstandard>=0.19.0; extra == \"compression\""
          ],
          "requires_python": ">=3.9",
          "version": "2.2.3"
        },
        {
          "artifacts": [
            {
              "algorithm": "sha256",
              "hash": "a8b2bc7bffae282281c8140a97d3aa9c14da0b136dfe83f850eea9a5f7470427",
              "url": "https://files.pythonhosted.org/packages/ec/57/56b9bcc3c9c6a792fcbaf139543cee77261f3651ca9da0c93f5c1221264b/python_dateutil-2.9.0.post0-py2.py3-none-any.whl"
            },
            {
              "algorithm": "sha256",
              "hash": "37dd54208da7e1cd875388217d5e00ebd4179249f90fb72437e91a35459a0ad3",
              "url": "https://files.pythonhosted.org/packages/66/c0/0c8b6ad9f17a802ee498c46e004a0eb49bc148f2fd230864601a86dcf6db/python-dateutil-2.9.0.post0.tar.gz"
            }
          ],
          "project_name": "python-dateutil",
          "requires_dists": [
            "six>=1.5"
          ],
          "requires_python": "!=3.0.*,!=3.1.*,!=3.2.*,>=2.7",
          "version": "2.9.0.post0"
        },
        {
          "artifacts": [
            {
              "algorithm": "sha256",
              "hash": "31c7c1817eb7fae7ca4b8c7ee50c72f93aa2dd863de768e1ef4245d426aa0725",
              "url": "https://files.pythonhosted.org/packages/11/c3/005fcca25ce078d2cc29fd559379817424e94885510568bc1bc53d7d5846/pytz-2024.2-py2.py3-none-any.whl"
            },
            {
              "algorithm": "sha256",
              "hash": "2aa355083c50a0f93fa581709deac0c9ad65cca8a9e9beac660adcbd493c798a",
              "url": "https://files.pythonhosted.org/packages/3a/31/3c70bf7603cc2dca0f19bdc53b4537a797747a58875b552c8c413d963a3f/pytz-2024.2.tar.gz"
            }
          ],
          "project_name": "pytz",
          "requires_dists": [],
          "requires_python": null,
          "version": "2024.2"
        },
        {
          "artifacts": [
            {
              "algorithm": "sha256",
              "hash": "70761cfe03c773ceb22aa2f671b4757976145175cdfca038c02654d061d6dcc6",
              "url": "https://files.pythonhosted.org/packages/f9/9b/335f9764261e915ed497fcdeb11df5dfd6f7bf257d4a6a2a686d80da4d54/requests-2.32.3-py3-none-any.whl"
            },
            {
              "algorithm": "sha256",
              "hash": "55365417734eb18255590a9ff9eb97e9e1da868d4ccd6402399eaf68af20a760",
              "url": "https://files.pythonhosted.org/packages/63/70/2bf7780ad2d390a8d301ad0b550f1581eadbd9a20f896afe06353c2a2913/requests-2.32.3.tar.gz"
            }
          ],
          "project_name": "requests",
          "requires_dists": [
            "PySocks!=1.5.7,>=1.5.6; extra == \"socks\"",
            "certifi>=2017.4.17",
            "chardet<6,>=3.0.2; extra == \"use-chardet-on-py3\"",
            "charset-normalizer<4,>=2",
            "idna<4,>=2.5",
            "urllib3<3,>=1.21.1"
          ],
          "requires_python": ">=3.8",
          "version": "2.32.3"
        },
        {
          "artifacts": [
            {
              "algorithm": "sha256",
              "hash": "b1e37054004cdd5e56c84454cc7df12b25f90f382159087f4b6915aaeef39563",
              "url": "https://files.pythonhosted.org/packages/97/ec/889fbc557727da0c34a33850950310240f2040f3b1955175fdb2b36a8910/requests_mock-1.12.1-py2.py3-none-any.whl"
            },
            {
              "algorithm": "sha256",
              "hash": "e9e12e333b525156e82a3c852f22016b9158220d2f47454de9cae8a77d371401",
              "url": "https://files.pythonhosted.org/packages/92/32/587625f91f9a0a3d84688bf9cfc4b2480a7e8ec327cefd0ff2ac891fd2cf/requests-mock-1.12.1.tar.gz"
            }
          ],
          "project_name": "requests-mock",
          "requires_dists": [
            "fixtures; extra == \"fixture\"",
            "requests<3,>=2.22"
          ],
          "requires_python": ">=3.5",
          "version": "1.12.1"
        },
        {
          "artifacts": [
            {
              "algorithm": "sha256",
              "hash": "8abb2f1d86890a2dfb989f9a77cfcfd3e47c2a354b01111771326f8aa26e0254",
              "url": "https://files.pythonhosted.org/packages/d9/5a/e7c31adbe875f2abbb91bd84cf2dc52d792b5a01506781dbcf25c91daf11/six-1.16.0-py2.py3-none-any.whl"
            },
            {
              "algorithm": "sha256",
              "hash": "1e61c37477a1626458e36f7b1d82aa5c9b094fa4802892072e49de9c60c4c926",
              "url": "https://files.pythonhosted.org/packages/71/39/171f1c67cd00715f190ba0b100d606d440a28c93c7714febeca8b79af85e/six-1.16.0.tar.gz"
            }
          ],
          "project_name": "six",
          "requires_dists": [],
          "requires_python": "!=3.0.*,!=3.1.*,!=3.2.*,>=2.7",
          "version": "1.16.0"
        },
        {
          "artifacts": [
            {
              "algorithm": "sha256",
              "hash": "9068bc196136463f5245e51efda838afa15aaeca9903f49050dfa2679db4d252",
              "url": "https://files.pythonhosted.org/packages/65/58/f9c9e6be752e9fcb8b6a0ee9fb87e6e7a1f6bcab2cdc73f02bb7ba91ada0/tzdata-2024.1-py2.py3-none-any.whl"
            },
            {
              "algorithm": "sha256",
              "hash": "2674120f8d891909751c38abcdfd386ac0a5a1127954fbc332af6b5ceae07efd",
              "url": "https://files.pythonhosted.org/packages/74/5b/e025d02cb3b66b7b76093404392d4b44343c69101cc85f4d180dd5784717/tzdata-2024.1.tar.gz"
            }
          ],
          "project_name": "tzdata",
          "requires_dists": [],
          "requires_python": ">=2",
          "version": "2024.1"
        },
        {
          "artifacts": [
            {
              "algorithm": "sha256",
              "hash": "ca899ca043dcb1bafa3e262d73aa25c465bfb49e0bd9dd5d59f1d0acba2f8fac",
              "url": "https://files.pythonhosted.org/packages/ce/d9/5f4c13cecde62396b0d3fe530a50ccea91e7dfc1ccf0e09c228841bb5ba8/urllib3-2.2.3-py3-none-any.whl"
            },
            {
              "algorithm": "sha256",
              "hash": "e7d814a81dad81e6caf2ec9fdedb284ecc9c73076b62654547cc64ccdcae26e9",
              "url": "https://files.pythonhosted.org/packages/ed/63/22ba4ebfe7430b76388e7cd448d5478814d3032121827c12a2cc287e2260/urllib3-2.2.3.tar.gz"
            }
          ],
          "project_name": "urllib3",
          "requires_dists": [
            "brotli>=1.0.9; platform_python_implementation == \"CPython\" and extra == \"brotli\"",
            "brotlicffi>=0.8.0; platform_python_implementation != \"CPython\" and extra == \"brotli\"",
            "h2<5,>=4; extra == \"h2\"",
            "pysocks!=1.5.7,<2.0,>=1.5.6; extra == \"socks\"",
            "zstandard>=0.18.0; extra == \"zstd\""
          ],
          "requires_python": ">=3.8",
          "version": "2.2.3"
        }
      ],
      "platform_tag": null
    }
  ],
  "only_builds": [],
  "only_wheels": [],
  "path_mappings": {},
  "pex_version": "2.3.1",
  "pip_version": "24.0",
  "prefer_older_binary": false,
  "requirements": [
    "numpy",
    "pandas",
    "requests",
    "requests_mock",
    "urllib3"
  ],
  "requires_python": [
    "<3.11,>=3.10"
  ],
  "resolver_version": "pip-2020-resolver",
  "style": "universal",
  "target_systems": [
    "linux",
    "mac"
  ],
  "transitive": true,
  "use_pep517": null
}
